
Microsoft Visual Studio Solution File, Format Version 12.00
# Visual Studio Version 17
VisualStudioVersion = 17.5.33414.496
MinimumVisualStudioVersion = 10.0.40219.1
Project("{FAE04EC0-301F-11D3-BF4B-00C04F79EFBC}") = "AstraLearn_API_Kel3", "AstraLearn_API_Kel3\AstraLearn_API_Kel3.csproj", "{900D7A2C-2818-48DB-B9F6-E2B832063570}"
EndProject
Global
	GlobalSection(SolutionConfigurationPlatforms) = preSolution
		Debug|Any CPU = Debug|Any CPU
		Release|Any CPU = Release|Any CPU
	EndGlobalSection
	GlobalSection(ProjectConfigurationPlatforms) = postSolution
		{900D7A2C-2818-48DB-B9F6-E2B832063570}.Debug|Any CPU.ActiveCfg = Debug|Any CPU
		{900D7A2C-2818-48DB-B9F6-E2B832063570}.Debug|Any CPU.Build.0 = Debug|Any CPU
		{900D7A2C-2818-48DB-B9F6-E2B832063570}.Release|Any CPU.ActiveCfg = Release|Any CPU
		{900D7A2C-2818-48DB-B9F6-E2B832063570}.Release|Any CPU.Build.0 = Release|Any CPU
	EndGlobalSection
	GlobalSection(SolutionProperties) = preSolution
		HideSolutionNode = FALSE
	EndGlobalSection
	GlobalSection(ExtensibilityGlobals) = postSolution
		SolutionGuid = {025E31AC-2270-4F9C-B880-43AC64FCBE79}
	EndGlobalSection
EndGlobal
